
Microsoft Visual Studio Solution File, Format Version 12.00
# Visual Studio 15
VisualStudioVersion = 15.0.27703.2047
MinimumVisualStudioVersion = 10.0.40219.1
Project("{9A19103F-16F7-4668-BE54-9A1E7A4F7556}") = "TimeTeller", "TimeTeller.csproj", "{CB7F88DA-068A-4A0D-B893-8E1B90AD7542}"
EndProject
Project("{2150E333-8FDC-42A3-9474-1A3956D46DE8}") = "Solution Items", "Solution Items", "{3E9E706F-5900-4055-8A4B-6EAF150F2090}"
	ProjectSection(SolutionItems) = preProject
		..\README.md = ..\README.md
	EndProjectSection
EndProject
Global
	GlobalSection(SolutionConfigurationPlatforms) = preSolution
		Debug|Any CPU = Debug|Any CPU
		Release|Any CPU = Release|Any CPU
	EndGlobalSection
	GlobalSection(ProjectConfigurationPlatforms) = postSolution
		{CB7F88DA-068A-4A0D-B893-8E1B90AD7542}.Debug|Any CPU.ActiveCfg = Debug|Any CPU
		{CB7F88DA-068A-4A0D-B893-8E1B90AD7542}.Debug|Any CPU.Build.0 = Debug|Any CPU
		{CB7F88DA-068A-4A0D-B893-8E1B90AD7542}.Release|Any CPU.ActiveCfg = Release|Any CPU
		{CB7F88DA-068A-4A0D-B893-8E1B90AD7542}.Release|Any CPU.Build.0 = Release|Any CPU
	EndGlobalSection
	GlobalSection(SolutionProperties) = preSolution
		HideSolutionNode = FALSE
	EndGlobalSection
	GlobalSection(ExtensibilityGlobals) = postSolution
		SolutionGuid = {822D4707-98BE-454C-8E83-4DAFB10703E6}
	EndGlobalSection
EndGlobal
